
Microsoft Visual Studio Solution File, Format Version 12.00
# Visual Studio Version 17
VisualStudioVersion = 17.1.32210.238
MinimumVisualStudioVersion = 10.0.40219.1
Project("{9A19103F-16F7-4668-BE54-9A1E7A4F7556}") = "DayOne", "AdventOfCode2022\DayOne.csproj", "{4E232089-DE2F-4C61-AC28-E36EF33A534A}"
EndProject
Project("{D954291E-2A0B-460D-934E-DC6B0785DB48}") = "SharedFunctions", "SharedFunctions\SharedFunctions.shproj", "{FC352CA6-73EB-45D9-B046-F6E6CF85343C}"
EndProject
Project("{9A19103F-16F7-4668-BE54-9A1E7A4F7556}") = "DayTwo", "DayTwo\DayTwo.csproj", "{50219AEA-03A9-435F-B3B2-B5C2F76989BF}"
EndProject
Project("{9A19103F-16F7-4668-BE54-9A1E7A4F7556}") = "DayThree", "DayThree\DayThree.csproj", "{5E388DAB-8627-4C0A-8714-8858D07FACF6}"
EndProject
Project("{9A19103F-16F7-4668-BE54-9A1E7A4F7556}") = "DayFour", "DayFour\DayFour.csproj", "{7F098950-4B0F-4BBA-95B1-5932AA28E568}"
EndProject
Project("{9A19103F-16F7-4668-BE54-9A1E7A4F7556}") = "DayFive", "DayFive\DayFive.csproj", "{0F1E951E-5258-4E76-8A66-6C1320D92387}"
EndProject
Project("{9A19103F-16F7-4668-BE54-9A1E7A4F7556}") = "DaySix", "DaySix\DaySix.csproj", "{A15FEB8A-0570-47CE-AF2B-63245B583550}"
EndProject
Project("{9A19103F-16F7-4668-BE54-9A1E7A4F7556}") = "DaySeven", "DaySeven\DaySeven.csproj", "{1D3C13D5-2D4B-46D8-B076-A36E59C16EF7}"
EndProject
Project("{FAE04EC0-301F-11D3-BF4B-00C04F79EFBC}") = "DayEight", "DayEight\DayEight.csproj", "{70193FA4-667F-45AE-8AFF-CE500996923A}"
EndProject
Global
	GlobalSection(SharedMSBuildProjectFiles) = preSolution
		SharedFunctions\SharedFunctions.projitems*{0f1e951e-5258-4e76-8a66-6c1320d92387}*SharedItemsImports = 5
		SharedFunctions\SharedFunctions.projitems*{1d3c13d5-2d4b-46d8-b076-a36e59c16ef7}*SharedItemsImports = 5
		SharedFunctions\SharedFunctions.projitems*{4e232089-de2f-4c61-ac28-e36ef33a534a}*SharedItemsImports = 5
		SharedFunctions\SharedFunctions.projitems*{50219aea-03a9-435f-b3b2-b5c2f76989bf}*SharedItemsImports = 5
		SharedFunctions\SharedFunctions.projitems*{5e388dab-8627-4c0a-8714-8858d07facf6}*SharedItemsImports = 5
		SharedFunctions\SharedFunctions.projitems*{70193fa4-667f-45ae-8aff-ce500996923a}*SharedItemsImports = 5
		SharedFunctions\SharedFunctions.projitems*{7f098950-4b0f-4bba-95b1-5932aa28e568}*SharedItemsImports = 5
		SharedFunctions\SharedFunctions.projitems*{a15feb8a-0570-47ce-af2b-63245b583550}*SharedItemsImports = 5
		SharedFunctions\SharedFunctions.projitems*{fc352ca6-73eb-45d9-b046-f6e6cf85343c}*SharedItemsImports = 13
	EndGlobalSection
	GlobalSection(SolutionConfigurationPlatforms) = preSolution
		Debug|Any CPU = Debug|Any CPU
		Release|Any CPU = Release|Any CPU
	EndGlobalSection
	GlobalSection(ProjectConfigurationPlatforms) = postSolution
		{4E232089-DE2F-4C61-AC28-E36EF33A534A}.Debug|Any CPU.ActiveCfg = Debug|Any CPU
		{4E232089-DE2F-4C61-AC28-E36EF33A534A}.Debug|Any CPU.Build.0 = Debug|Any CPU
		{4E232089-DE2F-4C61-AC28-E36EF33A534A}.Release|Any CPU.ActiveCfg = Release|Any CPU
		{4E232089-DE2F-4C61-AC28-E36EF33A534A}.Release|Any CPU.Build.0 = Release|Any CPU
		{50219AEA-03A9-435F-B3B2-B5C2F76989BF}.Debug|Any CPU.ActiveCfg = Debug|Any CPU
		{50219AEA-03A9-435F-B3B2-B5C2F76989BF}.Debug|Any CPU.Build.0 = Debug|Any CPU
		{50219AEA-03A9-435F-B3B2-B5C2F76989BF}.Release|Any CPU.ActiveCfg = Release|Any CPU
		{50219AEA-03A9-435F-B3B2-B5C2F76989BF}.Release|Any CPU.Build.0 = Release|Any CPU
		{5E388DAB-8627-4C0A-8714-8858D07FACF6}.Debug|Any CPU.ActiveCfg = Debug|Any CPU
		{5E388DAB-8627-4C0A-8714-8858D07FACF6}.Debug|Any CPU.Build.0 = Debug|Any CPU
		{5E388DAB-8627-4C0A-8714-8858D07FACF6}.Release|Any CPU.ActiveCfg = Release|Any CPU
		{5E388DAB-8627-4C0A-8714-8858D07FACF6}.Release|Any CPU.Build.0 = Release|Any CPU
		{7F098950-4B0F-4BBA-95B1-5932AA28E568}.Debug|Any CPU.ActiveCfg = Debug|Any CPU
		{7F098950-4B0F-4BBA-95B1-5932AA28E568}.Debug|Any CPU.Build.0 = Debug|Any CPU
		{7F098950-4B0F-4BBA-95B1-5932AA28E568}.Release|Any CPU.ActiveCfg = Release|Any CPU
		{7F098950-4B0F-4BBA-95B1-5932AA28E568}.Release|Any CPU.Build.0 = Release|Any CPU
		{0F1E951E-5258-4E76-8A66-6C1320D92387}.Debug|Any CPU.ActiveCfg = Debug|Any CPU
		{0F1E951E-5258-4E76-8A66-6C1320D92387}.Debug|Any CPU.Build.0 = Debug|Any CPU
		{0F1E951E-5258-4E76-8A66-6C1320D92387}.Release|Any CPU.ActiveCfg = Release|Any CPU
		{0F1E951E-5258-4E76-8A66-6C1320D92387}.Release|Any CPU.Build.0 = Release|Any CPU
		{A15FEB8A-0570-47CE-AF2B-63245B583550}.Debug|Any CPU.ActiveCfg = Debug|Any CPU
		{A15FEB8A-0570-47CE-AF2B-63245B583550}.Debug|Any CPU.Build.0 = Debug|Any CPU
		{A15FEB8A-0570-47CE-AF2B-63245B583550}.Release|Any CPU.ActiveCfg = Release|Any CPU
		{A15FEB8A-0570-47CE-AF2B-63245B583550}.Release|Any CPU.Build.0 = Release|Any CPU
		{1D3C13D5-2D4B-46D8-B076-A36E59C16EF7}.Debug|Any CPU.ActiveCfg = Debug|Any CPU
		{1D3C13D5-2D4B-46D8-B076-A36E59C16EF7}.Debug|Any CPU.Build.0 = Debug|Any CPU
		{1D3C13D5-2D4B-46D8-B076-A36E59C16EF7}.Release|Any CPU.ActiveCfg = Release|Any CPU
		{1D3C13D5-2D4B-46D8-B076-A36E59C16EF7}.Release|Any CPU.Build.0 = Release|Any CPU
		{70193FA4-667F-45AE-8AFF-CE500996923A}.Debug|Any CPU.ActiveCfg = Debug|Any CPU
		{70193FA4-667F-45AE-8AFF-CE500996923A}.Debug|Any CPU.Build.0 = Debug|Any CPU
		{70193FA4-667F-45AE-8AFF-CE500996923A}.Release|Any CPU.ActiveCfg = Release|Any CPU
		{70193FA4-667F-45AE-8AFF-CE500996923A}.Release|Any CPU.Build.0 = Release|Any CPU
	EndGlobalSection
	GlobalSection(SolutionProperties) = preSolution
		HideSolutionNode = FALSE
	EndGlobalSection
	GlobalSection(ExtensibilityGlobals) = postSolution
		SolutionGuid = {D279407A-09B9-4CD9-B7D3-0135A71951F3}
	EndGlobalSection
EndGlobal
